
Microsoft Visual Studio Solution File, Format Version 12.00
# Visual Studio 15
VisualStudioVersion = 15.0.27428.2015
MinimumVisualStudioVersion = 10.0.40219.1
Project("{F184B08F-C81C-45F6-A57F-5ABD9991F28F}") = "Predictathon.UI.Web", "UI\Web\Predictathon.UI.Web.vbproj", "{F2E9AE8F-E2E1-4D57-A4F7-B8A2EBF672C5}"
EndProject
Project("{00D1A9C2-B5F0-4AF3-8072-F6C62B433612}") = "Predictathon.Database", "Database\Predictathon.Database.sqlproj", "{A7FB8812-3F72-4E6B-BB5C-54D45A061CEC}"
EndProject
Global
	GlobalSection(SolutionConfigurationPlatforms) = preSolution
		Debug|Any CPU = Debug|Any CPU
		Release|Any CPU = Release|Any CPU
	EndGlobalSection
	GlobalSection(ProjectConfigurationPlatforms) = postSolution
		{F2E9AE8F-E2E1-4D57-A4F7-B8A2EBF672C5}.Debug|Any CPU.ActiveCfg = Debug|Any CPU
		{F2E9AE8F-E2E1-4D57-A4F7-B8A2EBF672C5}.Debug|Any CPU.Build.0 = Debug|Any CPU
		{F2E9AE8F-E2E1-4D57-A4F7-B8A2EBF672C5}.Release|Any CPU.ActiveCfg = Release|Any CPU
		{F2E9AE8F-E2E1-4D57-A4F7-B8A2EBF672C5}.Release|Any CPU.Build.0 = Release|Any CPU
		{A7FB8812-3F72-4E6B-BB5C-54D45A061CEC}.Debug|Any CPU.ActiveCfg = Debug|Any CPU
		{A7FB8812-3F72-4E6B-BB5C-54D45A061CEC}.Debug|Any CPU.Build.0 = Debug|Any CPU
		{A7FB8812-3F72-4E6B-BB5C-54D45A061CEC}.Debug|Any CPU.Deploy.0 = Debug|Any CPU
		{A7FB8812-3F72-4E6B-BB5C-54D45A061CEC}.Release|Any CPU.ActiveCfg = Release|Any CPU
		{A7FB8812-3F72-4E6B-BB5C-54D45A061CEC}.Release|Any CPU.Build.0 = Release|Any CPU
		{A7FB8812-3F72-4E6B-BB5C-54D45A061CEC}.Release|Any CPU.Deploy.0 = Release|Any CPU
	EndGlobalSection
	GlobalSection(SolutionProperties) = preSolution
		HideSolutionNode = FALSE
	EndGlobalSection
	GlobalSection(ExtensibilityGlobals) = postSolution
		SolutionGuid = {35AC5261-7958-408A-9A69-D770E957531F}
	EndGlobalSection
	GlobalSection(TeamFoundationVersionControl) = preSolution
		SccNumberOfProjects = 3
		SccEnterpriseProvider = {4CA58AB2-18FA-4F8D-95D4-32DDF27D184C}
		SccTeamFoundationServer = https://davidhuggett.visualstudio.com/
		SccLocalPath0 = .
		SccProjectUniqueName1 = Database\\Predictathon.Database.sqlproj
		SccProjectName1 = Database
		SccLocalPath1 = Database
		SccProjectUniqueName2 = UI\\Web\\Predictathon.UI.Web.vbproj
		SccProjectName2 = UI/Web
		SccLocalPath2 = UI\\Web
	EndGlobalSection
EndGlobal
