<Solution>
  <Folder Name="/Solution Items/">
    <File Path=".editorconfig" />
    <File Path=".gitignore" />
    <File Path="copilot-instructions.md" />
  </Folder>
  	<Project Path="WebApi/Predictathon.WebApi.csproj" DefaultStartup="true" />
	<Project Path="Application/Predictathon.Application.csproj" />
  	<Project Path="Database/Predictathon.Database.sqlproj" Id="a7fb8812-3f72-4e6b-bb5c-54d45a061cec">
    		<Build />
    		<Deploy />
  	</Project>
  	<Project Path="Domain/Predictathon.Domain.csproj" />
  	<Project Path="Infrastructure/Predictathon.Infrastructure.csproj" />
  	<Project Path="UI/Web/Predictathon.UI.Web.vbproj" Id="f2e9ae8f-e2e1-4d57-a4f7-b8a2ebf672c5" />
  	<Project Path="UnitTests/Predictathon.UnitTests.csproj" />
</Solution>
